{
  "name": "MouseEffect",
  "lockfileVersion": 3,
  "requires": true,
  "packages": {
    "": {
      "dependencies": {
        "javascript-value-locator": "^1.4.7"
      }
    },
    "node_modules/@alexistessier/msg": {
      "version": "1.1.5",
      "resolved": "https://registry.npmjs.org/@alexistessier/msg/-/msg-1.1.5.tgz",
      "integrity": "sha512-SsWwsfj9G6L8i4K87G4Mo//wD8SgUqJbZ1xHuxzYEIIjqgfGqGJNhRFOdurXwWxFVwT5l1rpUj4MQ0lJUu114w==",
      "optionalDependencies": {
        "ttab": "0.6.0"
      }
    },
    "node_modules/better-assert": {
      "version": "1.0.2",
      "resolved": "https://registry.npmjs.org/better-assert/-/better-assert-1.0.2.tgz",
      "integrity": "sha512-bYeph2DFlpK1XmGs6fvlLRUN29QISM3GBuUwSFsMY2XRx4AvC0WNCS57j4c/xGrK2RS24C1w3YoBOsw9fT46tQ==",
      "dependencies": {
        "callsite": "1.0.0"
      },
      "engines": {
        "node": "*"
      }
    },
    "node_modules/callsite": {
      "version": "1.0.0",
      "resolved": "https://registry.npmjs.org/callsite/-/callsite-1.0.0.tgz",
      "integrity": "sha512-0vdNRFXn5q+dtOqjfFtmtlI9N2eVZ7LMyEV2iKC5mEEFvSg/69Ml6b/WU2qF8W1nLRa0wiSrDT3Y5jOHZCwKPQ==",
      "engines": {
        "node": "*"
      }
    },
    "node_modules/javascript-value-locator": {
      "version": "1.4.7",
      "resolved": "https://registry.npmjs.org/javascript-value-locator/-/javascript-value-locator-1.4.7.tgz",
      "integrity": "sha512-j2VV1P4hsJCtnWzORPwFBVEs6kXZ5beKmfiMALzVdIKd37vRC6SsRNe1wYFmUhrVzLITd+As2L6pOgkBIQGyrQ==",
      "dependencies": {
        "@alexistessier/msg": "1.1.5",
        "better-assert": "1.0.2"
      },
      "optionalDependencies": {
        "ttab": "0.6.0"
      }
    },
    "node_modules/ttab": {
      "version": "0.6.0",
      "resolved": "https://registry.npmjs.org/ttab/-/ttab-0.6.0.tgz",
      "integrity": "sha512-39uHjHuWsBh3h0nN3/GRCmrxKRbZkgPYyE4Uuc2wV0rHBaGJWZSzLEpMJR7n0ASrfDSC09P2iMgARx3YQy89+Q==",
      "optional": true,
      "os": [
        "darwin"
      ],
      "bin": {
        "ttab": "bin/ttab"
      }
    }
  }
}
